{
  "Rakefile:469621883": [
    [251, 3, 16, "Rake/DuplicateTask: Task `test` is defined at both Rakefile:244 and Rakefile:251.", 850263259],
    [254, 3, 16, "Rake/DuplicateTask: Task `spec` is defined at both Rakefile:230 and Rakefile:254.", 2494909563]
  ],
  "gemfiles/modular/templating.gemfile:3018447732": [
    [14, 3, 47, "Bundler/DuplicatedGem: Gem `tree_sitter_language_pack` requirements already given on line 10 of the Gemfile.", 3843603197]
  ],
  "spec/month/serializer_spec.rb:2667267420": [
    [67, 15, 6, "RSpec/ContextWording: Context description should match /^when\\b/, /^with\\b/, or /^without\\b/.", 3211358934],
    [67, 15, 6, "Style/RedundantInterpolation: Prefer `to_s` over string interpolation.", 3211358934],
    [80, 17, 12, "RSpec/ContextWording: Context description should match /^when\\b/, /^with\\b/, or /^without\\b/.", 2592426744],
    [150, 15, 14, "RSpec/ContextWording: Context description should match /^when\\b/, /^with\\b/, or /^without\\b/.", 1200079675],
    [161, 13, 16, "RSpec/ContextWording: Context description should match /^when\\b/, /^with\\b/, or /^without\\b/.", 441812882],
    [176, 13, 15, "RSpec/ContextWording: Context description should match /^when\\b/, /^with\\b/, or /^without\\b/.", 2368380600],
    [189, 13, 16, "RSpec/ContextWording: Context description should match /^when\\b/, /^with\\b/, or /^without\\b/.", 1816077224],
    [202, 13, 16, "RSpec/ContextWording: Context description should match /^when\\b/, /^with\\b/, or /^without\\b/.", 441813437],
    [217, 13, 16, "RSpec/ContextWording: Context description should match /^when\\b/, /^with\\b/, or /^without\\b/.", 441812882],
    [226, 15, 13, "RSpec/ContextWording: Context description should match /^when\\b/, /^with\\b/, or /^without\\b/.", 234149463],
    [234, 15, 12, "RSpec/ContextWording: Context description should match /^when\\b/, /^with\\b/, or /^without\\b/.", 2157925604],
    [243, 13, 15, "RSpec/ContextWording: Context description should match /^when\\b/, /^with\\b/, or /^without\\b/.", 2368380600],
    [252, 15, 13, "RSpec/ContextWording: Context description should match /^when\\b/, /^with\\b/, or /^without\\b/.", 234149463],
    [260, 15, 12, "RSpec/ContextWording: Context description should match /^when\\b/, /^with\\b/, or /^without\\b/.", 2157925604],
    [269, 13, 16, "RSpec/ContextWording: Context description should match /^when\\b/, /^with\\b/, or /^without\\b/.", 1816077224],
    [278, 15, 13, "RSpec/ContextWording: Context description should match /^when\\b/, /^with\\b/, or /^without\\b/.", 234149463],
    [286, 15, 12, "RSpec/ContextWording: Context description should match /^when\\b/, /^with\\b/, or /^without\\b/.", 2157925604],
    [295, 13, 16, "RSpec/ContextWording: Context description should match /^when\\b/, /^with\\b/, or /^without\\b/.", 441813437],
    [304, 15, 13, "RSpec/ContextWording: Context description should match /^when\\b/, /^with\\b/, or /^without\\b/.", 234149463],
    [312, 15, 12, "RSpec/ContextWording: Context description should match /^when\\b/, /^with\\b/, or /^without\\b/.", 2157925604]
  ]
}
