{
  "README.md:1427990733": [
    [59, 5, 27, "Layout/HashAlignment: Align the keys of a hash literal if they span more than one line.", 528284064],
    [60, 5, 28, "Layout/HashAlignment: Align the keys of a hash literal if they span more than one line.", 270738203],
    [62, 5, 28, "Layout/HashAlignment: Align the keys of a hash literal if they span more than one line.", 2256693885],
    [63, 5, 28, "Layout/HashAlignment: Align the keys of a hash literal if they span more than one line.", 2071774781],
    [65, 5, 28, "Layout/HashAlignment: Align the keys of a hash literal if they span more than one line.", 1701904659],
    [66, 5, 28, "Layout/HashAlignment: Align the keys of a hash literal if they span more than one line.", 2428992223],
    [68, 1, 7, "Layout/IndentationWidth: Use 2 (not 7) spaces for indentation.", 394119301]
  ],
  "lib/month/serializer.rb:1935564184": [
    [8, 5, 63, "Style/ClassMethodsDefinitions: Use `class << self` to define a class method.", 2901108034]
  ],
  "spec/month/serializer_spec.rb:4160227772": [
    [67, 15, 6, "RSpec/ContextWording: Context description should match /^when\\b/, /^with\\b/, or /^without\\b/.", 3211358934],
    [67, 15, 6, "Style/RedundantInterpolation: Prefer `to_s` over string interpolation.", 3211358934],
    [80, 9, 20, "RSpec/NestedGroups: Maximum example group nesting exceeded [4/3].", 2208962855],
    [80, 17, 12, "RSpec/ContextWording: Context description should match /^when\\b/, /^with\\b/, or /^without\\b/.", 2592426744],
    [150, 15, 14, "RSpec/ContextWording: Context description should match /^when\\b/, /^with\\b/, or /^without\\b/.", 1200079675],
    [161, 13, 16, "RSpec/ContextWording: Context description should match /^when\\b/, /^with\\b/, or /^without\\b/.", 441812882],
    [168, 16, 7, "RSpec/NamedSubject: Name your test subject if you need to reference it explicitly.", 1892732441],
    [172, 16, 7, "RSpec/NamedSubject: Name your test subject if you need to reference it explicitly.", 1892732441],
    [176, 13, 15, "RSpec/ContextWording: Context description should match /^when\\b/, /^with\\b/, or /^without\\b/.", 2368380600],
    [181, 16, 7, "RSpec/NamedSubject: Name your test subject if you need to reference it explicitly.", 1892732441],
    [185, 16, 7, "RSpec/NamedSubject: Name your test subject if you need to reference it explicitly.", 1892732441],
    [189, 13, 16, "RSpec/ContextWording: Context description should match /^when\\b/, /^with\\b/, or /^without\\b/.", 1816077224],
    [194, 16, 7, "RSpec/NamedSubject: Name your test subject if you need to reference it explicitly.", 1892732441],
    [198, 16, 7, "RSpec/NamedSubject: Name your test subject if you need to reference it explicitly.", 1892732441],
    [202, 13, 16, "RSpec/ContextWording: Context description should match /^when\\b/, /^with\\b/, or /^without\\b/.", 441813437],
    [207, 16, 7, "RSpec/NamedSubject: Name your test subject if you need to reference it explicitly.", 1892732441],
    [211, 16, 7, "RSpec/NamedSubject: Name your test subject if you need to reference it explicitly.", 1892732441],
    [217, 13, 16, "RSpec/ContextWording: Context description should match /^when\\b/, /^with\\b/, or /^without\\b/.", 441812882],
    [223, 16, 7, "RSpec/NamedSubject: Name your test subject if you need to reference it explicitly.", 1892732441],
    [226, 7, 21, "RSpec/NestedGroups: Maximum example group nesting exceeded [4/3].", 3040649512],
    [226, 15, 13, "RSpec/ContextWording: Context description should match /^when\\b/, /^with\\b/, or /^without\\b/.", 234149463],
    [230, 18, 7, "RSpec/NamedSubject: Name your test subject if you need to reference it explicitly.", 1892732441],
    [234, 7, 20, "RSpec/NestedGroups: Maximum example group nesting exceeded [4/3].", 544321211],
    [234, 15, 12, "RSpec/ContextWording: Context description should match /^when\\b/, /^with\\b/, or /^without\\b/.", 2157925604],
    [238, 18, 7, "RSpec/NamedSubject: Name your test subject if you need to reference it explicitly.", 1892732441],
    [243, 13, 15, "RSpec/ContextWording: Context description should match /^when\\b/, /^with\\b/, or /^without\\b/.", 2368380600],
    [249, 16, 7, "RSpec/NamedSubject: Name your test subject if you need to reference it explicitly.", 1892732441],
    [252, 7, 21, "RSpec/NestedGroups: Maximum example group nesting exceeded [4/3].", 3040649512],
    [252, 15, 13, "RSpec/ContextWording: Context description should match /^when\\b/, /^with\\b/, or /^without\\b/.", 234149463],
    [256, 18, 7, "RSpec/NamedSubject: Name your test subject if you need to reference it explicitly.", 1892732441],
    [260, 7, 20, "RSpec/NestedGroups: Maximum example group nesting exceeded [4/3].", 544321211],
    [260, 15, 12, "RSpec/ContextWording: Context description should match /^when\\b/, /^with\\b/, or /^without\\b/.", 2157925604],
    [264, 18, 7, "RSpec/NamedSubject: Name your test subject if you need to reference it explicitly.", 1892732441],
    [269, 13, 16, "RSpec/ContextWording: Context description should match /^when\\b/, /^with\\b/, or /^without\\b/.", 1816077224],
    [275, 16, 7, "RSpec/NamedSubject: Name your test subject if you need to reference it explicitly.", 1892732441],
    [278, 7, 21, "RSpec/NestedGroups: Maximum example group nesting exceeded [4/3].", 3040649512],
    [278, 15, 13, "RSpec/ContextWording: Context description should match /^when\\b/, /^with\\b/, or /^without\\b/.", 234149463],
    [282, 18, 7, "RSpec/NamedSubject: Name your test subject if you need to reference it explicitly.", 1892732441],
    [286, 7, 20, "RSpec/NestedGroups: Maximum example group nesting exceeded [4/3].", 544321211],
    [286, 15, 12, "RSpec/ContextWording: Context description should match /^when\\b/, /^with\\b/, or /^without\\b/.", 2157925604],
    [290, 18, 7, "RSpec/NamedSubject: Name your test subject if you need to reference it explicitly.", 1892732441],
    [295, 13, 16, "RSpec/ContextWording: Context description should match /^when\\b/, /^with\\b/, or /^without\\b/.", 441813437],
    [301, 16, 7, "RSpec/NamedSubject: Name your test subject if you need to reference it explicitly.", 1892732441],
    [304, 7, 21, "RSpec/NestedGroups: Maximum example group nesting exceeded [4/3].", 3040649512],
    [304, 15, 13, "RSpec/ContextWording: Context description should match /^when\\b/, /^with\\b/, or /^without\\b/.", 234149463],
    [308, 18, 7, "RSpec/NamedSubject: Name your test subject if you need to reference it explicitly.", 1892732441],
    [312, 7, 20, "RSpec/NestedGroups: Maximum example group nesting exceeded [4/3].", 544321211],
    [312, 15, 12, "RSpec/ContextWording: Context description should match /^when\\b/, /^with\\b/, or /^without\\b/.", 2157925604],
    [316, 18, 7, "RSpec/NamedSubject: Name your test subject if you need to reference it explicitly.", 1892732441]
  ]
}
